
Microsoft Visual Studio Solution File, Format Version 12.00
# Visual Studio Version 17
VisualStudioVersion = 17.11.35327.3
MinimumVisualStudioVersion = 10.0.40219.1
Project("{FAE04EC0-301F-11D3-BF4B-00C04F79EFBC}") = "Todolist.WebApi", "Todolist.WebApi\Todolist.WebApi.csproj", "{DCCE3549-4496-4CCF-8B9A-9947FE018E5C}"
EndProject
Project("{FAE04EC0-301F-11D3-BF4B-00C04F79EFBC}") = "Todolist.DAL", "Todolist.DAL\Todolist.DAL.csproj", "{E6E2B2BF-8891-4596-A145-CBA39372FFE0}"
EndProject
Project("{FAE04EC0-301F-11D3-BF4B-00C04F79EFBC}") = "Todolist.BLL", "Todolist.BLL\Todolist.BLL.csproj", "{76BBDD5F-7B94-4660-9C2D-2AAF5C70EDF9}"
EndProject
Global
	GlobalSection(SolutionConfigurationPlatforms) = preSolution
		Debug|Any CPU = Debug|Any CPU
		Release|Any CPU = Release|Any CPU
	EndGlobalSection
	GlobalSection(ProjectConfigurationPlatforms) = postSolution
		{DCCE3549-4496-4CCF-8B9A-9947FE018E5C}.Debug|Any CPU.ActiveCfg = Debug|Any CPU
		{DCCE3549-4496-4CCF-8B9A-9947FE018E5C}.Debug|Any CPU.Build.0 = Debug|Any CPU
		{DCCE3549-4496-4CCF-8B9A-9947FE018E5C}.Release|Any CPU.ActiveCfg = Release|Any CPU
		{DCCE3549-4496-4CCF-8B9A-9947FE018E5C}.Release|Any CPU.Build.0 = Release|Any CPU
		{E6E2B2BF-8891-4596-A145-CBA39372FFE0}.Debug|Any CPU.ActiveCfg = Debug|Any CPU
		{E6E2B2BF-8891-4596-A145-CBA39372FFE0}.Debug|Any CPU.Build.0 = Debug|Any CPU
		{E6E2B2BF-8891-4596-A145-CBA39372FFE0}.Release|Any CPU.ActiveCfg = Release|Any CPU
		{E6E2B2BF-8891-4596-A145-CBA39372FFE0}.Release|Any CPU.Build.0 = Release|Any CPU
		{76BBDD5F-7B94-4660-9C2D-2AAF5C70EDF9}.Debug|Any CPU.ActiveCfg = Debug|Any CPU
		{76BBDD5F-7B94-4660-9C2D-2AAF5C70EDF9}.Debug|Any CPU.Build.0 = Debug|Any CPU
		{76BBDD5F-7B94-4660-9C2D-2AAF5C70EDF9}.Release|Any CPU.ActiveCfg = Release|Any CPU
		{76BBDD5F-7B94-4660-9C2D-2AAF5C70EDF9}.Release|Any CPU.Build.0 = Release|Any CPU
	EndGlobalSection
	GlobalSection(SolutionProperties) = preSolution
		HideSolutionNode = FALSE
	EndGlobalSection
	GlobalSection(ExtensibilityGlobals) = postSolution
		SolutionGuid = {023E2C47-2F5E-4D25-A63C-672E1B79223A}
	EndGlobalSection
EndGlobal
